
Microsoft Visual Studio Solution File, Format Version 12.00
# Visual Studio Version 17
VisualStudioVersion = 17.8.34330.188
MinimumVisualStudioVersion = 10.0.40219.1
Project("{FAE04EC0-301F-11D3-BF4B-00C04F79EFBC}") = "AccesoDatos", "AccesoDatos\AccesoDatos.csproj", "{30A0814A-1AF4-4762-B080-78483F10618F}"
EndProject
Project("{FAE04EC0-301F-11D3-BF4B-00C04F79EFBC}") = "Presentacion", "Presentacion\Presentacion.csproj", "{BCD0D9E1-DED9-4357-9D1C-DF6A7CE19F64}"
EndProject
Project("{FAE04EC0-301F-11D3-BF4B-00C04F79EFBC}") = "Negocio", "Negocio\Negocio.csproj", "{90087A7F-0189-4BD3-AD7C-69D365E36AE9}"
EndProject
Global
	GlobalSection(SolutionConfigurationPlatforms) = preSolution
		Debug|Any CPU = Debug|Any CPU
		Release|Any CPU = Release|Any CPU
	EndGlobalSection
	GlobalSection(ProjectConfigurationPlatforms) = postSolution
		{30A0814A-1AF4-4762-B080-78483F10618F}.Debug|Any CPU.ActiveCfg = Debug|Any CPU
		{30A0814A-1AF4-4762-B080-78483F10618F}.Debug|Any CPU.Build.0 = Debug|Any CPU
		{30A0814A-1AF4-4762-B080-78483F10618F}.Release|Any CPU.ActiveCfg = Release|Any CPU
		{30A0814A-1AF4-4762-B080-78483F10618F}.Release|Any CPU.Build.0 = Release|Any CPU
		{BCD0D9E1-DED9-4357-9D1C-DF6A7CE19F64}.Debug|Any CPU.ActiveCfg = Debug|Any CPU
		{BCD0D9E1-DED9-4357-9D1C-DF6A7CE19F64}.Debug|Any CPU.Build.0 = Debug|Any CPU
		{BCD0D9E1-DED9-4357-9D1C-DF6A7CE19F64}.Release|Any CPU.ActiveCfg = Release|Any CPU
		{BCD0D9E1-DED9-4357-9D1C-DF6A7CE19F64}.Release|Any CPU.Build.0 = Release|Any CPU
		{90087A7F-0189-4BD3-AD7C-69D365E36AE9}.Debug|Any CPU.ActiveCfg = Debug|Any CPU
		{90087A7F-0189-4BD3-AD7C-69D365E36AE9}.Debug|Any CPU.Build.0 = Debug|Any CPU
		{90087A7F-0189-4BD3-AD7C-69D365E36AE9}.Release|Any CPU.ActiveCfg = Release|Any CPU
		{90087A7F-0189-4BD3-AD7C-69D365E36AE9}.Release|Any CPU.Build.0 = Release|Any CPU
	EndGlobalSection
	GlobalSection(SolutionProperties) = preSolution
		HideSolutionNode = FALSE
	EndGlobalSection
	GlobalSection(ExtensibilityGlobals) = postSolution
		SolutionGuid = {4B5E7DC2-176F-49DD-BA21-F8B07823B7E3}
	EndGlobalSection
EndGlobal
